
Microsoft Visual Studio Solution File, Format Version 12.00
# Visual Studio 2013
VisualStudioVersion = 12.0.21005.1
MinimumVisualStudioVersion = 10.0.40219.1
Project("{2150E333-8FDC-42A3-9474-1A3956D46DE8}") = "OTHER", "OTHER", "{7EE6A2CD-DB1B-49D6-BCF8-BCBA97065296}"
EndProject
Project("{FAE04EC0-301F-11D3-BF4B-00C04F79EFBC}") = "FORTRY", "FORTRY\FORTRY.csproj", "{FE2661C5-9602-4804-A1C7-5C70BADA5B6A}"
EndProject
Project("{2150E333-8FDC-42A3-9474-1A3956D46DE8}") = "Common", "Common", "{E2DDB7CD-7502-4E5D-9F38-2E709734779E}"
EndProject
Project("{2150E333-8FDC-42A3-9474-1A3956D46DE8}") = ".nuget", ".nuget", "{8F6DDB9E-AE08-40A5-8968-7955D3617A68}"
	ProjectSection(SolutionItems) = preProject
		.nuget\NuGet.Config = .nuget\NuGet.Config
		.nuget\NuGet.exe = .nuget\NuGet.exe
		.nuget\NuGet.targets = .nuget\NuGet.targets
	EndProjectSection
EndProject
Project("{FAE04EC0-301F-11D3-BF4B-00C04F79EFBC}") = "Common.Domain", "..\Common\Common.Domain\Common.Domain.csproj", "{EFC692DA-F705-4953-92ED-762074019C3D}"
EndProject
Project("{FAE04EC0-301F-11D3-BF4B-00C04F79EFBC}") = "Common.Domain.Default", "..\Common\Common.Domain.Default\Common.Domain.Default.csproj", "{D35F1319-D12D-4624-B67B-15C3C97F5462}"
EndProject
Project("{FAE04EC0-301F-11D3-BF4B-00C04F79EFBC}") = "Common.Exception", "..\Common\Common.Exception\Common.Exception.csproj", "{C6DF4D14-D5CE-4B76-8402-F1B91E3F5B28}"
EndProject
Project("{2150E333-8FDC-42A3-9474-1A3956D46DE8}") = "Common.DAL", "Common.DAL", "{691C30BF-9CCA-47CF-972A-51AC6FEDA9C7}"
EndProject
Project("{FAE04EC0-301F-11D3-BF4B-00C04F79EFBC}") = "Common.DAL.Contract", "..\Common.DAL\Common.DAL.Contract\Common.DAL.Contract.csproj", "{93D59A04-3930-44A1-87F7-E35788D39EDF}"
EndProject
Project("{FAE04EC0-301F-11D3-BF4B-00C04F79EFBC}") = "Common.DAL.Exception", "..\Common.DAL\Common.DAL.Exception\Common.DAL.Exception.csproj", "{F55F8006-DC47-4B3B-A961-2B391BFDA005}"
EndProject
Project("{FAE04EC0-301F-11D3-BF4B-00C04F79EFBC}") = "Common.DAL.FoxPro", "..\Common.DAL\Common.DAL.FoxPro\Common.DAL.FoxPro.csproj", "{372FD298-FEA3-44FA-9163-F2DC3513D042}"
EndProject
Project("{FAE04EC0-301F-11D3-BF4B-00C04F79EFBC}") = "Common.DAL.NHibernate", "..\Common.DAL\Common.DAL.NHibernate\Common.DAL.NHibernate.csproj", "{4AD21140-F58C-48F5-BCE9-25150F37CD23}"
EndProject
Project("{FAE04EC0-301F-11D3-BF4B-00C04F79EFBC}") = "UpCheck.Contract", "UpCheck.Contract\UpCheck.Contract.csproj", "{A6E8A897-ECD9-499F-B6AF-FCF17F6F51F5}"
EndProject
Project("{FAE04EC0-301F-11D3-BF4B-00C04F79EFBC}") = "UpCheck.Domain", "UpCheck.Domain\UpCheck.Domain.csproj", "{E417E878-320C-487D-9688-F165ED30BA58}"
EndProject
Project("{FAE04EC0-301F-11D3-BF4B-00C04F79EFBC}") = "UpCheck.Domain.Default", "UpCheck.Domain.Default\UpCheck.Domain.Default.csproj", "{02C8D99F-00C4-4AEE-83CA-99732CAB0596}"
EndProject
Project("{FAE04EC0-301F-11D3-BF4B-00C04F79EFBC}") = "UpCheck.Exception", "UpCheck.Exception\UpCheck.Exception.csproj", "{EB29FA61-9AA1-44A4-93ED-22A4E3D25868}"
EndProject
Project("{FAE04EC0-301F-11D3-BF4B-00C04F79EFBC}") = "UpCheck.BLL", "UpCheck.BLL\UpCheck.BLL.csproj", "{0F4AC282-15E2-4721-A56E-4DFD169FC61D}"
EndProject
Global
	GlobalSection(SolutionConfigurationPlatforms) = preSolution
		Debug|Any CPU = Debug|Any CPU
		Release|Any CPU = Release|Any CPU
	EndGlobalSection
	GlobalSection(ProjectConfigurationPlatforms) = postSolution
		{FE2661C5-9602-4804-A1C7-5C70BADA5B6A}.Debug|Any CPU.ActiveCfg = Debug|Any CPU
		{FE2661C5-9602-4804-A1C7-5C70BADA5B6A}.Debug|Any CPU.Build.0 = Debug|Any CPU
		{FE2661C5-9602-4804-A1C7-5C70BADA5B6A}.Release|Any CPU.ActiveCfg = Release|Any CPU
		{FE2661C5-9602-4804-A1C7-5C70BADA5B6A}.Release|Any CPU.Build.0 = Release|Any CPU
		{EFC692DA-F705-4953-92ED-762074019C3D}.Debug|Any CPU.ActiveCfg = Debug|Any CPU
		{EFC692DA-F705-4953-92ED-762074019C3D}.Debug|Any CPU.Build.0 = Debug|Any CPU
		{EFC692DA-F705-4953-92ED-762074019C3D}.Release|Any CPU.ActiveCfg = Release|Any CPU
		{EFC692DA-F705-4953-92ED-762074019C3D}.Release|Any CPU.Build.0 = Release|Any CPU
		{D35F1319-D12D-4624-B67B-15C3C97F5462}.Debug|Any CPU.ActiveCfg = Debug|Any CPU
		{D35F1319-D12D-4624-B67B-15C3C97F5462}.Debug|Any CPU.Build.0 = Debug|Any CPU
		{D35F1319-D12D-4624-B67B-15C3C97F5462}.Release|Any CPU.ActiveCfg = Release|Any CPU
		{D35F1319-D12D-4624-B67B-15C3C97F5462}.Release|Any CPU.Build.0 = Release|Any CPU
		{C6DF4D14-D5CE-4B76-8402-F1B91E3F5B28}.Debug|Any CPU.ActiveCfg = Debug|Any CPU
		{C6DF4D14-D5CE-4B76-8402-F1B91E3F5B28}.Debug|Any CPU.Build.0 = Debug|Any CPU
		{C6DF4D14-D5CE-4B76-8402-F1B91E3F5B28}.Release|Any CPU.ActiveCfg = Release|Any CPU
		{C6DF4D14-D5CE-4B76-8402-F1B91E3F5B28}.Release|Any CPU.Build.0 = Release|Any CPU
		{93D59A04-3930-44A1-87F7-E35788D39EDF}.Debug|Any CPU.ActiveCfg = Debug|Any CPU
		{93D59A04-3930-44A1-87F7-E35788D39EDF}.Debug|Any CPU.Build.0 = Debug|Any CPU
		{93D59A04-3930-44A1-87F7-E35788D39EDF}.Release|Any CPU.ActiveCfg = Release|Any CPU
		{93D59A04-3930-44A1-87F7-E35788D39EDF}.Release|Any CPU.Build.0 = Release|Any CPU
		{F55F8006-DC47-4B3B-A961-2B391BFDA005}.Debug|Any CPU.ActiveCfg = Debug|Any CPU
		{F55F8006-DC47-4B3B-A961-2B391BFDA005}.Debug|Any CPU.Build.0 = Debug|Any CPU
		{F55F8006-DC47-4B3B-A961-2B391BFDA005}.Release|Any CPU.ActiveCfg = Release|Any CPU
		{F55F8006-DC47-4B3B-A961-2B391BFDA005}.Release|Any CPU.Build.0 = Release|Any CPU
		{372FD298-FEA3-44FA-9163-F2DC3513D042}.Debug|Any CPU.ActiveCfg = Debug|Any CPU
		{372FD298-FEA3-44FA-9163-F2DC3513D042}.Debug|Any CPU.Build.0 = Debug|Any CPU
		{372FD298-FEA3-44FA-9163-F2DC3513D042}.Release|Any CPU.ActiveCfg = Release|Any CPU
		{372FD298-FEA3-44FA-9163-F2DC3513D042}.Release|Any CPU.Build.0 = Release|Any CPU
		{4AD21140-F58C-48F5-BCE9-25150F37CD23}.Debug|Any CPU.ActiveCfg = Debug|Any CPU
		{4AD21140-F58C-48F5-BCE9-25150F37CD23}.Debug|Any CPU.Build.0 = Debug|Any CPU
		{4AD21140-F58C-48F5-BCE9-25150F37CD23}.Release|Any CPU.ActiveCfg = Release|Any CPU
		{4AD21140-F58C-48F5-BCE9-25150F37CD23}.Release|Any CPU.Build.0 = Release|Any CPU
		{A6E8A897-ECD9-499F-B6AF-FCF17F6F51F5}.Debug|Any CPU.ActiveCfg = Debug|Any CPU
		{A6E8A897-ECD9-499F-B6AF-FCF17F6F51F5}.Debug|Any CPU.Build.0 = Debug|Any CPU
		{A6E8A897-ECD9-499F-B6AF-FCF17F6F51F5}.Release|Any CPU.ActiveCfg = Release|Any CPU
		{A6E8A897-ECD9-499F-B6AF-FCF17F6F51F5}.Release|Any CPU.Build.0 = Release|Any CPU
		{E417E878-320C-487D-9688-F165ED30BA58}.Debug|Any CPU.ActiveCfg = Debug|Any CPU
		{E417E878-320C-487D-9688-F165ED30BA58}.Debug|Any CPU.Build.0 = Debug|Any CPU
		{E417E878-320C-487D-9688-F165ED30BA58}.Release|Any CPU.ActiveCfg = Release|Any CPU
		{E417E878-320C-487D-9688-F165ED30BA58}.Release|Any CPU.Build.0 = Release|Any CPU
		{02C8D99F-00C4-4AEE-83CA-99732CAB0596}.Debug|Any CPU.ActiveCfg = Debug|Any CPU
		{02C8D99F-00C4-4AEE-83CA-99732CAB0596}.Debug|Any CPU.Build.0 = Debug|Any CPU
		{02C8D99F-00C4-4AEE-83CA-99732CAB0596}.Release|Any CPU.ActiveCfg = Release|Any CPU
		{02C8D99F-00C4-4AEE-83CA-99732CAB0596}.Release|Any CPU.Build.0 = Release|Any CPU
		{EB29FA61-9AA1-44A4-93ED-22A4E3D25868}.Debug|Any CPU.ActiveCfg = Debug|Any CPU
		{EB29FA61-9AA1-44A4-93ED-22A4E3D25868}.Debug|Any CPU.Build.0 = Debug|Any CPU
		{EB29FA61-9AA1-44A4-93ED-22A4E3D25868}.Release|Any CPU.ActiveCfg = Release|Any CPU
		{EB29FA61-9AA1-44A4-93ED-22A4E3D25868}.Release|Any CPU.Build.0 = Release|Any CPU
		{0F4AC282-15E2-4721-A56E-4DFD169FC61D}.Debug|Any CPU.ActiveCfg = Debug|Any CPU
		{0F4AC282-15E2-4721-A56E-4DFD169FC61D}.Debug|Any CPU.Build.0 = Debug|Any CPU
		{0F4AC282-15E2-4721-A56E-4DFD169FC61D}.Release|Any CPU.ActiveCfg = Release|Any CPU
		{0F4AC282-15E2-4721-A56E-4DFD169FC61D}.Release|Any CPU.Build.0 = Release|Any CPU
	EndGlobalSection
	GlobalSection(SolutionProperties) = preSolution
		HideSolutionNode = FALSE
	EndGlobalSection
	GlobalSection(NestedProjects) = preSolution
		{FE2661C5-9602-4804-A1C7-5C70BADA5B6A} = {7EE6A2CD-DB1B-49D6-BCF8-BCBA97065296}
		{EFC692DA-F705-4953-92ED-762074019C3D} = {E2DDB7CD-7502-4E5D-9F38-2E709734779E}
		{D35F1319-D12D-4624-B67B-15C3C97F5462} = {E2DDB7CD-7502-4E5D-9F38-2E709734779E}
		{C6DF4D14-D5CE-4B76-8402-F1B91E3F5B28} = {E2DDB7CD-7502-4E5D-9F38-2E709734779E}
		{93D59A04-3930-44A1-87F7-E35788D39EDF} = {691C30BF-9CCA-47CF-972A-51AC6FEDA9C7}
		{F55F8006-DC47-4B3B-A961-2B391BFDA005} = {691C30BF-9CCA-47CF-972A-51AC6FEDA9C7}
		{372FD298-FEA3-44FA-9163-F2DC3513D042} = {691C30BF-9CCA-47CF-972A-51AC6FEDA9C7}
		{4AD21140-F58C-48F5-BCE9-25150F37CD23} = {691C30BF-9CCA-47CF-972A-51AC6FEDA9C7}
	EndGlobalSection
EndGlobal
