
Microsoft Visual Studio Solution File, Format Version 12.00
# Visual Studio 2013
VisualStudioVersion = 12.0.21005.1
MinimumVisualStudioVersion = 10.0.40219.1
Project("{FAE04EC0-301F-11D3-BF4B-00C04F79EFBC}") = "Common.Domain", "Common.Domain\Common.Domain.csproj", "{EFC692DA-F705-4953-92ED-762074019C3D}"
EndProject
Project("{FAE04EC0-301F-11D3-BF4B-00C04F79EFBC}") = "Common.Domain.Default", "Common.Domain.Default\Common.Domain.Default.csproj", "{D35F1319-D12D-4624-B67B-15C3C97F5462}"
EndProject
Project("{FAE04EC0-301F-11D3-BF4B-00C04F79EFBC}") = "Common.Exception", "Common.Exception\Common.Exception.csproj", "{C6DF4D14-D5CE-4B76-8402-F1B91E3F5B28}"
EndProject
Project("{2150E333-8FDC-42A3-9474-1A3956D46DE8}") = ".nuget", ".nuget", "{152B3C0E-945F-47B3-9100-5D9A08EEBFAE}"
	ProjectSection(SolutionItems) = preProject
		.nuget\NuGet.Config = .nuget\NuGet.Config
		.nuget\NuGet.exe = .nuget\NuGet.exe
		.nuget\NuGet.targets = .nuget\NuGet.targets
	EndProjectSection
EndProject
Global
	GlobalSection(SolutionConfigurationPlatforms) = preSolution
		Debug|Any CPU = Debug|Any CPU
		Release|Any CPU = Release|Any CPU
	EndGlobalSection
	GlobalSection(ProjectConfigurationPlatforms) = postSolution
		{EFC692DA-F705-4953-92ED-762074019C3D}.Debug|Any CPU.ActiveCfg = Debug|Any CPU
		{EFC692DA-F705-4953-92ED-762074019C3D}.Debug|Any CPU.Build.0 = Debug|Any CPU
		{EFC692DA-F705-4953-92ED-762074019C3D}.Release|Any CPU.ActiveCfg = Release|Any CPU
		{EFC692DA-F705-4953-92ED-762074019C3D}.Release|Any CPU.Build.0 = Release|Any CPU
		{D35F1319-D12D-4624-B67B-15C3C97F5462}.Debug|Any CPU.ActiveCfg = Debug|Any CPU
		{D35F1319-D12D-4624-B67B-15C3C97F5462}.Debug|Any CPU.Build.0 = Debug|Any CPU
		{D35F1319-D12D-4624-B67B-15C3C97F5462}.Release|Any CPU.ActiveCfg = Release|Any CPU
		{D35F1319-D12D-4624-B67B-15C3C97F5462}.Release|Any CPU.Build.0 = Release|Any CPU
		{C6DF4D14-D5CE-4B76-8402-F1B91E3F5B28}.Debug|Any CPU.ActiveCfg = Debug|Any CPU
		{C6DF4D14-D5CE-4B76-8402-F1B91E3F5B28}.Debug|Any CPU.Build.0 = Debug|Any CPU
		{C6DF4D14-D5CE-4B76-8402-F1B91E3F5B28}.Release|Any CPU.ActiveCfg = Release|Any CPU
		{C6DF4D14-D5CE-4B76-8402-F1B91E3F5B28}.Release|Any CPU.Build.0 = Release|Any CPU
	EndGlobalSection
	GlobalSection(SolutionProperties) = preSolution
		HideSolutionNode = FALSE
	EndGlobalSection
EndGlobal
